// !$*UTF8*$!
{
	archiveVersion = 1;
	classes = {
	};
	objectVersion = 51;
	objects = {

/* Begin PBXBuildFile section */
		5F55A7691E0B8A608C48B42A /* Pods_DriverSampleApp.framework in Frameworks */ = {isa = PBXBuildFile; fileRef = 8E40FEA95095E3CA92A9618D /* Pods_DriverSampleApp.framework */; };
		EE05992127067ED700605B6C /* GRSDAPIConstants.m in Sources */ = {isa = PBXBuildFile; fileRef = EE05992327067ED700605B6C /* GRSDAPIConstants.m */; };
		EE05993227067ED700605B6C /* Assets.xcassets in Resources */ = {isa = PBXBuildFile; fileRef = EE05992427067ED700605B6C /* Assets.xcassets */; };
		EE05993327067ED700605B6C /* GRSDViewController.m in Sources */ = {isa = PBXBuildFile; fileRef = EE05992727067ED700605B6C /* GRSDViewController.m */; };
		EE05993427067ED700605B6C /* GRSDAppDelegate.m in Sources */ = {isa = PBXBuildFile; fileRef = EE05992827067ED700605B6C /* GRSDAppDelegate.m */; };
		EE05993527067ED700605B6C /* GRSDBottomPanelView.m in Sources */ = {isa = PBXBuildFile; fileRef = EE05992927067ED700605B6C /* GRSDBottomPanelView.m */; };
		EE05993627067ED700605B6C /* GRSDProviderService.m in Sources */ = {isa = PBXBuildFile; fileRef = EE05992A27067ED700605B6C /* GRSDProviderService.m */; };
		EE05993727067ED700605B6C /* LaunchScreen.storyboard in Resources */ = {isa = PBXBuildFile; fileRef = EE05992C27067ED700605B6C /* LaunchScreen.storyboard */; };
		EE05993827067ED700605B6C /* main.m in Sources */ = {isa = PBXBuildFile; fileRef = EE05992F27067ED700605B6C /* main.m */; };
/* End PBXBuildFile section */

/* Begin PBXFileReference section */
		7C199D2A21A269F476D3EA65 /* Pods-DriverSampleApp.release.xcconfig */ = {isa = PBXFileReference; includeInIndex = 1; lastKnownFileType = text.xcconfig; name = "Pods-DriverSampleApp.release.xcconfig"; path = "Target Support Files/Pods-DriverSampleApp/Pods-DriverSampleApp.release.xcconfig"; sourceTree = "<group>"; };
		8E40FEA95095E3CA92A9618D /* Pods_DriverSampleApp.framework */ = {isa = PBXFileReference; explicitFileType = wrapper.framework; includeInIndex = 0; path = Pods_DriverSampleApp.framework; sourceTree = BUILT_PRODUCTS_DIR; };
		EE05990627067E8E00605B6C /* DriverSampleApp.app */ = {isa = PBXFileReference; explicitFileType = wrapper.application; includeInIndex = 0; path = DriverSampleApp.app; sourceTree = BUILT_PRODUCTS_DIR; };
		EE05992227067ED700605B6C /* GRSDAPIConstants.h */ = {isa = PBXFileReference; fileEncoding = 4; lastKnownFileType = sourcecode.c.h; path = GRSDAPIConstants.h; sourceTree = "<group>"; };
		EE05992327067ED700605B6C /* GRSDAPIConstants.m */ = {isa = PBXFileReference; fileEncoding = 4; lastKnownFileType = sourcecode.c.objc; path = GRSDAPIConstants.m; sourceTree = "<group>"; };
		EE05992427067ED700605B6C /* Assets.xcassets */ = {isa = PBXFileReference; lastKnownFileType = folder.assetcatalog; path = Assets.xcassets; sourceTree = "<group>"; };
		EE05992527067ED700605B6C /* GRSDBottomPanelView.h */ = {isa = PBXFileReference; fileEncoding = 4; lastKnownFileType = sourcecode.c.h; path = GRSDBottomPanelView.h; sourceTree = "<group>"; };
		EE05992627067ED700605B6C /* GRSDProviderService.h */ = {isa = PBXFileReference; fileEncoding = 4; lastKnownFileType = sourcecode.c.h; path = GRSDProviderService.h; sourceTree = "<group>"; };
		EE05992727067ED700605B6C /* GRSDViewController.m */ = {isa = PBXFileReference; fileEncoding = 4; lastKnownFileType = sourcecode.c.objc; path = GRSDViewController.m; sourceTree = "<group>"; };
		EE05992827067ED700605B6C /* GRSDAppDelegate.m */ = {isa = PBXFileReference; fileEncoding = 4; lastKnownFileType = sourcecode.c.objc; path = GRSDAppDelegate.m; sourceTree = "<group>"; };
		EE05992927067ED700605B6C /* GRSDBottomPanelView.m */ = {isa = PBXFileReference; fileEncoding = 4; lastKnownFileType = sourcecode.c.objc; path = GRSDBottomPanelView.m; sourceTree = "<group>"; };
		EE05992A27067ED700605B6C /* GRSDProviderService.m */ = {isa = PBXFileReference; fileEncoding = 4; lastKnownFileType = sourcecode.c.objc; path = GRSDProviderService.m; sourceTree = "<group>"; };
		EE05992D27067ED700605B6C /* Base */ = {isa = PBXFileReference; lastKnownFileType = file.storyboard; name = Base; path = LaunchScreen.storyboard; sourceTree = "<group>"; };
		EE05992E27067ED700605B6C /* GRSDAppDelegate.h */ = {isa = PBXFileReference; fileEncoding = 4; lastKnownFileType = sourcecode.c.h; path = GRSDAppDelegate.h; sourceTree = "<group>"; };
		EE05992F27067ED700605B6C /* main.m */ = {isa = PBXFileReference; fileEncoding = 4; lastKnownFileType = sourcecode.c.objc; path = main.m; sourceTree = "<group>"; };
		EE05993027067ED700605B6C /* GRSDViewController.h */ = {isa = PBXFileReference; fileEncoding = 4; lastKnownFileType = sourcecode.c.h; path = GRSDViewController.h; sourceTree = "<group>"; };
		EE05993127067ED700605B6C /* Info.plist */ = {isa = PBXFileReference; fileEncoding = 4; lastKnownFileType = text.plist.xml; path = Info.plist; sourceTree = "<group>"; };
		F29A53B947C7C2B8AAFD64CE /* Pods-DriverSampleApp.debug.xcconfig */ = {isa = PBXFileReference; includeInIndex = 1; lastKnownFileType = text.xcconfig; name = "Pods-DriverSampleApp.debug.xcconfig"; path = "Target Support Files/Pods-DriverSampleApp/Pods-DriverSampleApp.debug.xcconfig"; sourceTree = "<group>"; };
/* End PBXFileReference section */

/* Begin PBXFrameworksBuildPhase section */
		EE05990327067E8E00605B6C /* Frameworks */ = {
			isa = PBXFrameworksBuildPhase;
			buildActionMask = 2147483647;
			files = (
				5F55A7691E0B8A608C48B42A /* Pods_DriverSampleApp.framework in Frameworks */,
			);
			runOnlyForDeploymentPostprocessing = 0;
		};
/* End PBXFrameworksBuildPhase section */

/* Begin PBXGroup section */
		5B1F5615E9A237422B912046 /* Pods */ = {
			isa = PBXGroup;
			children = (
				F29A53B947C7C2B8AAFD64CE /* Pods-DriverSampleApp.debug.xcconfig */,
				7C199D2A21A269F476D3EA65 /* Pods-DriverSampleApp.release.xcconfig */,
			);
			path = Pods;
			sourceTree = "<group>";
		};
		664FECC2E2B75585C81DF716 /* Frameworks */ = {
			isa = PBXGroup;
			children = (
				8E40FEA95095E3CA92A9618D /* Pods_DriverSampleApp.framework */,
			);
			name = Frameworks;
			sourceTree = "<group>";
		};
		EE0598FD27067E8E00605B6C = {
			isa = PBXGroup;
			children = (
				EE05990827067E8E00605B6C /* DriverSampleApp */,
				EE05990727067E8E00605B6C /* Products */,
				5B1F5615E9A237422B912046 /* Pods */,
				664FECC2E2B75585C81DF716 /* Frameworks */,
			);
			sourceTree = "<group>";
		};
		EE05990727067E8E00605B6C /* Products */ = {
			isa = PBXGroup;
			children = (
				EE05990627067E8E00605B6C /* DriverSampleApp.app */,
			);
			name = Products;
			sourceTree = "<group>";
		};
		EE05990827067E8E00605B6C /* DriverSampleApp */ = {
			isa = PBXGroup;
			children = (
				EE05992427067ED700605B6C /* Assets.xcassets */,
				EE05992B27067ED700605B6C /* Base.lproj */,
				EE05992227067ED700605B6C /* GRSDAPIConstants.h */,
				EE05992327067ED700605B6C /* GRSDAPIConstants.m */,
				EE05992E27067ED700605B6C /* GRSDAppDelegate.h */,
				EE05992827067ED700605B6C /* GRSDAppDelegate.m */,
				EE05992527067ED700605B6C /* GRSDBottomPanelView.h */,
				EE05992927067ED700605B6C /* GRSDBottomPanelView.m */,
				EE05992627067ED700605B6C /* GRSDProviderService.h */,
				EE05992A27067ED700605B6C /* GRSDProviderService.m */,
				EE05993027067ED700605B6C /* GRSDViewController.h */,
				EE05992727067ED700605B6C /* GRSDViewController.m */,
				EE05993127067ED700605B6C /* Info.plist */,
				EE05992F27067ED700605B6C /* main.m */,
			);
			path = DriverSampleApp;
			sourceTree = "<group>";
		};
		EE05992B27067ED700605B6C /* Base.lproj */ = {
			isa = PBXGroup;
			children = (
				EE05992C27067ED700605B6C /* LaunchScreen.storyboard */,
			);
			name = Base.lproj;
			path = ../../../../../../../../Desktop/DriverSampleApp/Base.lproj;
			sourceTree = "<group>";
		};
/* End PBXGroup section */

/* Begin PBXNativeTarget section */
		EE05990527067E8E00605B6C /* DriverSampleApp */ = {
			isa = PBXNativeTarget;
			buildConfigurationList = EE05991F27067E8F00605B6C /* Build configuration list for PBXNativeTarget "DriverSampleApp" */;
			buildPhases = (
				8B840BC65C7D7EE705D024F4 /* [CP] Check Pods Manifest.lock */,
				EE05990227067E8E00605B6C /* Sources */,
				EE05990327067E8E00605B6C /* Frameworks */,
				EE05990427067E8E00605B6C /* Resources */,
				13FB5C0C84F76AAFBB0FF6A0 /* [CP] Copy Pods Resources */,
			);
			buildRules = (
			);
			dependencies = (
			);
			name = DriverSampleApp;
			productName = DriverSampleApp;
			productReference = EE05990627067E8E00605B6C /* DriverSampleApp.app */;
			productType = "com.apple.product-type.application";
		};
/* End PBXNativeTarget section */

/* Begin PBXProject section */
		EE0598FE27067E8E00605B6C /* Project object */ = {
			isa = PBXProject;
			attributes = {
				LastUpgradeCheck = 1240;
				TargetAttributes = {
					EE05990527067E8E00605B6C = {
						CreatedOnToolsVersion = 12.4;
					};
				};
			};
			buildConfigurationList = EE05990127067E8E00605B6C /* Build configuration list for PBXProject "DriverSampleApp" */;
			compatibilityVersion = "Xcode 9.3";
			developmentRegion = en;
			hasScannedForEncodings = 0;
			knownRegions = (
				en,
				Base,
			);
			mainGroup = EE0598FD27067E8E00605B6C;
			productRefGroup = EE05990727067E8E00605B6C /* Products */;
			projectDirPath = "";
			projectRoot = "";
			targets = (
				EE05990527067E8E00605B6C /* DriverSampleApp */,
			);
		};
/* End PBXProject section */

/* Begin PBXResourcesBuildPhase section */
		EE05990427067E8E00605B6C /* Resources */ = {
			isa = PBXResourcesBuildPhase;
			buildActionMask = 2147483647;
			files = (
				EE05993227067ED700605B6C /* Assets.xcassets in Resources */,
				EE05993727067ED700605B6C /* LaunchScreen.storyboard in Resources */,
			);
			runOnlyForDeploymentPostprocessing = 0;
		};
/* End PBXResourcesBuildPhase section */

/* Begin PBXShellScriptBuildPhase section */
		13FB5C0C84F76AAFBB0FF6A0 /* [CP] Copy Pods Resources */ = {
			isa = PBXShellScriptBuildPhase;
			buildActionMask = 2147483647;
			files = (
			);
			inputFileListPaths = (
				"${PODS_ROOT}/Target Support Files/Pods-DriverSampleApp/Pods-DriverSampleApp-resources-${CONFIGURATION}-input-files.xcfilelist",
			);
			name = "[CP] Copy Pods Resources";
			outputFileListPaths = (
				"${PODS_ROOT}/Target Support Files/Pods-DriverSampleApp/Pods-DriverSampleApp-resources-${CONFIGURATION}-output-files.xcfilelist",
			);
			runOnlyForDeploymentPostprocessing = 0;
			shellPath = /bin/sh;
			shellScript = "\"${PODS_ROOT}/Target Support Files/Pods-DriverSampleApp/Pods-DriverSampleApp-resources.sh\"\n";
			showEnvVarsInLog = 0;
		};
		8B840BC65C7D7EE705D024F4 /* [CP] Check Pods Manifest.lock */ = {
			isa = PBXShellScriptBuildPhase;
			buildActionMask = 2147483647;
			files = (
			);
			inputFileListPaths = (
			);
			inputPaths = (
				"${PODS_PODFILE_DIR_PATH}/Podfile.lock",
				"${PODS_ROOT}/Manifest.lock",
			);
			name = "[CP] Check Pods Manifest.lock";
			outputFileListPaths = (
			);
			outputPaths = (
				"$(DERIVED_FILE_DIR)/Pods-DriverSampleApp-checkManifestLockResult.txt",
			);
			runOnlyForDeploymentPostprocessing = 0;
			shellPath = /bin/sh;
			shellScript = "diff \"${PODS_PODFILE_DIR_PATH}/Podfile.lock\" \"${PODS_ROOT}/Manifest.lock\" > /dev/null\nif [ $? != 0 ] ; then\n    # print error to STDERR\n    echo \"error: The sandbox is not in sync with the Podfile.lock. Run 'pod install' or update your CocoaPods installation.\" >&2\n    exit 1\nfi\n# This output is used by Xcode 'outputs' to avoid re-running this script phase.\necho \"SUCCESS\" > \"${SCRIPT_OUTPUT_FILE_0}\"\n";
			showEnvVarsInLog = 0;
		};
/* End PBXShellScriptBuildPhase section */

/* Begin PBXSourcesBuildPhase section */
		EE05990227067E8E00605B6C /* Sources */ = {
			isa = PBXSourcesBuildPhase;
			buildActionMask = 2147483647;
			files = (
				EE05993827067ED700605B6C /* main.m in Sources */,
				EE05993627067ED700605B6C /* GRSDProviderService.m in Sources */,
				EE05992127067ED700605B6C /* GRSDAPIConstants.m in Sources */,
				EE05993427067ED700605B6C /* GRSDAppDelegate.m in Sources */,
				EE05993527067ED700605B6C /* GRSDBottomPanelView.m in Sources */,
				EE05993327067ED700605B6C /* GRSDViewController.m in Sources */,
			);
			runOnlyForDeploymentPostprocessing = 0;
		};
/* End PBXSourcesBuildPhase section */

/* Begin PBXVariantGroup section */
		EE05992C27067ED700605B6C /* LaunchScreen.storyboard */ = {
			isa = PBXVariantGroup;
			children = (
				EE05992D27067ED700605B6C /* Base */,
			);
			name = LaunchScreen.storyboard;
			sourceTree = "<group>";
		};
/* End PBXVariantGroup section */

/* Begin XCBuildConfiguration section */
		EE05991D27067E8F00605B6C /* Debug */ = {
			isa = XCBuildConfiguration;
			buildSettings = {
				ALWAYS_SEARCH_USER_PATHS = NO;
				CLANG_ANALYZER_NONNULL = YES;
				CLANG_ANALYZER_NUMBER_OBJECT_CONVERSION = YES_AGGRESSIVE;
				CLANG_CXX_LANGUAGE_STANDARD = "gnu++14";
				CLANG_CXX_LIBRARY = "libc++";
				CLANG_ENABLE_MODULES = YES;
				CLANG_ENABLE_OBJC_ARC = YES;
				CLANG_ENABLE_OBJC_WEAK = YES;
				CLANG_WARN_BLOCK_CAPTURE_AUTORELEASING = YES;
				CLANG_WARN_BOOL_CONVERSION = YES;
				CLANG_WARN_COMMA = YES;
				CLANG_WARN_CONSTANT_CONVERSION = YES;
				CLANG_WARN_DEPRECATED_OBJC_IMPLEMENTATIONS = YES;
				CLANG_WARN_DIRECT_OBJC_ISA_USAGE = YES_ERROR;
				CLANG_WARN_DOCUMENTATION_COMMENTS = YES;
				CLANG_WARN_EMPTY_BODY = YES;
				CLANG_WARN_ENUM_CONVERSION = YES;
				CLANG_WARN_INFINITE_RECURSION = YES;
				CLANG_WARN_INT_CONVERSION = YES;
				CLANG_WARN_NON_LITERAL_NULL_CONVERSION = YES;
				CLANG_WARN_OBJC_IMPLICIT_RETAIN_SELF = YES;
				CLANG_WARN_OBJC_LITERAL_CONVERSION = YES;
				CLANG_WARN_OBJC_ROOT_CLASS = YES_ERROR;
				CLANG_WARN_QUOTED_INCLUDE_IN_FRAMEWORK_HEADER = YES;
				CLANG_WARN_RANGE_LOOP_ANALYSIS = YES;
				CLANG_WARN_STRICT_PROTOTYPES = YES;
				CLANG_WARN_SUSPICIOUS_MOVE = YES;
				CLANG_WARN_UNGUARDED_AVAILABILITY = YES_AGGRESSIVE;
				CLANG_WARN_UNREACHABLE_CODE = YES;
				CLANG_WARN__DUPLICATE_METHOD_MATCH = YES;
				COPY_PHASE_STRIP = NO;
				DEBUG_INFORMATION_FORMAT = dwarf;
				ENABLE_STRICT_OBJC_MSGSEND = YES;
				ENABLE_TESTABILITY = YES;
				GCC_C_LANGUAGE_STANDARD = gnu11;
				GCC_DYNAMIC_NO_PIC = NO;
				GCC_NO_COMMON_BLOCKS = YES;
				GCC_OPTIMIZATION_LEVEL = 0;
				GCC_PREPROCESSOR_DEFINITIONS = (
					"DEBUG=1",
					"$(inherited)",
				);
				GCC_WARN_64_TO_32_BIT_CONVERSION = YES;
				GCC_WARN_ABOUT_RETURN_TYPE = YES_ERROR;
				GCC_WARN_UNDECLARED_SELECTOR = YES;
				GCC_WARN_UNINITIALIZED_AUTOS = YES_AGGRESSIVE;
				GCC_WARN_UNUSED_FUNCTION = YES;
				GCC_WARN_UNUSED_VARIABLE = YES;
				IPHONEOS_DEPLOYMENT_TARGET = 14.4;
				MTL_ENABLE_DEBUG_INFO = INCLUDE_SOURCE;
				MTL_FAST_MATH = YES;
				ONLY_ACTIVE_ARCH = YES;
				SDKROOT = iphoneos;
			};
			name = Debug;
		};
		EE05991E27067E8F00605B6C /* Release */ = {
			isa = XCBuildConfiguration;
			buildSettings = {
				ALWAYS_SEARCH_USER_PATHS = NO;
				CLANG_ANALYZER_NONNULL = YES;
				CLANG_ANALYZER_NUMBER_OBJECT_CONVERSION = YES_AGGRESSIVE;
				CLANG_CXX_LANGUAGE_STANDARD = "gnu++14";
				CLANG_CXX_LIBRARY = "libc++";
				CLANG_ENABLE_MODULES = YES;
				CLANG_ENABLE_OBJC_ARC = YES;
				CLANG_ENABLE_OBJC_WEAK = YES;
				CLANG_WARN_BLOCK_CAPTURE_AUTORELEASING = YES;
				CLANG_WARN_BOOL_CONVERSION = YES;
				CLANG_WARN_COMMA = YES;
				CLANG_WARN_CONSTANT_CONVERSION = YES;
				CLANG_WARN_DEPRECATED_OBJC_IMPLEMENTATIONS = YES;
				CLANG_WARN_DIRECT_OBJC_ISA_USAGE = YES_ERROR;
				CLANG_WARN_DOCUMENTATION_COMMENTS = YES;
				CLANG_WARN_EMPTY_BODY = YES;
				CLANG_WARN_ENUM_CONVERSION = YES;
				CLANG_WARN_INFINITE_RECURSION = YES;
				CLANG_WARN_INT_CONVERSION = YES;
				CLANG_WARN_NON_LITERAL_NULL_CONVERSION = YES;
				CLANG_WARN_OBJC_IMPLICIT_RETAIN_SELF = YES;
				CLANG_WARN_OBJC_LITERAL_CONVERSION = YES;
				CLANG_WARN_OBJC_ROOT_CLASS = YES_ERROR;
				CLANG_WARN_QUOTED_INCLUDE_IN_FRAMEWORK_HEADER = YES;
				CLANG_WARN_RANGE_LOOP_ANALYSIS = YES;
				CLANG_WARN_STRICT_PROTOTYPES = YES;
				CLANG_WARN_SUSPICIOUS_MOVE = YES;
				CLANG_WARN_UNGUARDED_AVAILABILITY = YES_AGGRESSIVE;
				CLANG_WARN_UNREACHABLE_CODE = YES;
				CLANG_WARN__DUPLICATE_METHOD_MATCH = YES;
				COPY_PHASE_STRIP = NO;
				DEBUG_INFORMATION_FORMAT = "dwarf-with-dsym";
				ENABLE_NS_ASSERTIONS = NO;
				ENABLE_STRICT_OBJC_MSGSEND = YES;
				GCC_C_LANGUAGE_STANDARD = gnu11;
				GCC_NO_COMMON_BLOCKS = YES;
				GCC_WARN_64_TO_32_BIT_CONVERSION = YES;
				GCC_WARN_ABOUT_RETURN_TYPE = YES_ERROR;
				GCC_WARN_UNDECLARED_SELECTOR = YES;
				GCC_WARN_UNINITIALIZED_AUTOS = YES_AGGRESSIVE;
				GCC_WARN_UNUSED_FUNCTION = YES;
				GCC_WARN_UNUSED_VARIABLE = YES;
				IPHONEOS_DEPLOYMENT_TARGET = 14.4;
				MTL_ENABLE_DEBUG_INFO = NO;
				MTL_FAST_MATH = YES;
				SDKROOT = iphoneos;
				VALIDATE_PRODUCT = YES;
			};
			name = Release;
		};
		EE05992027067E8F00605B6C /* Debug */ = {
			isa = XCBuildConfiguration;
			baseConfigurationReference = F29A53B947C7C2B8AAFD64CE /* Pods-DriverSampleApp.debug.xcconfig */;
			buildSettings = {
				ASSETCATALOG_COMPILER_APPICON_NAME = AppIcon;
				ASSETCATALOG_COMPILER_GLOBAL_ACCENT_COLOR_NAME = AccentColor;
				CODE_SIGN_STYLE = Automatic;
				INFOPLIST_FILE = DriverSampleApp/Info.plist;
				LD_RUNPATH_SEARCH_PATHS = (
					"$(inherited)",
					"@executable_path/Frameworks",
				);
				PRODUCT_BUNDLE_IDENTIFIER = com.google.gmmsdk.DriverSampleApp;
				PRODUCT_NAME = "$(TARGET_NAME)";
				TARGETED_DEVICE_FAMILY = "1,2";
			};
			name = Debug;
		};
		EE05992127067E8F00605B6C /* Release */ = {
			isa = XCBuildConfiguration;
			baseConfigurationReference = 7C199D2A21A269F476D3EA65 /* Pods-DriverSampleApp.release.xcconfig */;
			buildSettings = {
				ASSETCATALOG_COMPILER_APPICON_NAME = AppIcon;
				ASSETCATALOG_COMPILER_GLOBAL_ACCENT_COLOR_NAME = AccentColor;
				CODE_SIGN_STYLE = Automatic;
				INFOPLIST_FILE = DriverSampleApp/Info.plist;
				LD_RUNPATH_SEARCH_PATHS = (
					"$(inherited)",
					"@executable_path/Frameworks",
				);
				PRODUCT_BUNDLE_IDENTIFIER = com.google.gmmsdk.DriverSampleApp;
				PRODUCT_NAME = "$(TARGET_NAME)";
				TARGETED_DEVICE_FAMILY = "1,2";
			};
			name = Release;
		};
/* End XCBuildConfiguration section */

/* Begin XCConfigurationList section */
		EE05990127067E8E00605B6C /* Build configuration list for PBXProject "DriverSampleApp" */ = {
			isa = XCConfigurationList;
			buildConfigurations = (
				EE05991D27067E8F00605B6C /* Debug */,
				EE05991E27067E8F00605B6C /* Release */,
			);
			defaultConfigurationIsVisible = 0;
			defaultConfigurationName = Release;
		};
		EE05991F27067E8F00605B6C /* Build configuration list for PBXNativeTarget "DriverSampleApp" */ = {
			isa = XCConfigurationList;
			buildConfigurations = (
				EE05992027067E8F00605B6C /* Debug */,
				EE05992127067E8F00605B6C /* Release */,
			);
			defaultConfigurationIsVisible = 0;
			defaultConfigurationName = Release;
		};
/* End XCConfigurationList section */
	};
	rootObject = EE0598FE27067E8E00605B6C /* Project object */;
}
